
Microsoft Visual Studio Solution File, Format Version 12.00
# Visual Studio Version 17
VisualStudioVersion = 17.13.35828.75
MinimumVisualStudioVersion = 10.0.40219.1
Project("{FAE04EC0-301F-11D3-BF4B-00C04F79EFBC}") = "Task1", "Task1\Task1.csproj", "{C460B82D-A95B-49C3-9979-53279D5E4BFC}"
EndProject
Project("{FAE04EC0-301F-11D3-BF4B-00C04F79EFBC}") = "Task2", "Task2\Task2.csproj", "{A0AE53BD-FE4F-44D9-A019-1B1493CC7764}"
EndProject
Project("{FAE04EC0-301F-11D3-BF4B-00C04F79EFBC}") = "Task3", "Task3\Task3.csproj", "{D913B333-5CEA-4FFC-9F4A-CAAFF1529C8C}"
EndProject
Project("{FAE04EC0-301F-11D3-BF4B-00C04F79EFBC}") = "Task4", "Task4\Task4.csproj", "{5BFEB3B6-5B1B-4BB0-85C8-771490A1BBCC}"
EndProject
Project("{FAE04EC0-301F-11D3-BF4B-00C04F79EFBC}") = "Task5", "Task5\Task5.csproj", "{89A1C71A-D58A-4D16-9D0D-5F892AD1378E}"
EndProject
Project("{FAE04EC0-301F-11D3-BF4B-00C04F79EFBC}") = "Task6", "Task6\Task6.csproj", "{08114492-21D9-4D32-98DA-5BB89CA3DE41}"
EndProject
Global
	GlobalSection(SolutionConfigurationPlatforms) = preSolution
		Debug|Any CPU = Debug|Any CPU
		Release|Any CPU = Release|Any CPU
	EndGlobalSection
	GlobalSection(ProjectConfigurationPlatforms) = postSolution
		{C460B82D-A95B-49C3-9979-53279D5E4BFC}.Debug|Any CPU.ActiveCfg = Debug|Any CPU
		{C460B82D-A95B-49C3-9979-53279D5E4BFC}.Debug|Any CPU.Build.0 = Debug|Any CPU
		{C460B82D-A95B-49C3-9979-53279D5E4BFC}.Release|Any CPU.ActiveCfg = Release|Any CPU
		{C460B82D-A95B-49C3-9979-53279D5E4BFC}.Release|Any CPU.Build.0 = Release|Any CPU
		{A0AE53BD-FE4F-44D9-A019-1B1493CC7764}.Debug|Any CPU.ActiveCfg = Debug|Any CPU
		{A0AE53BD-FE4F-44D9-A019-1B1493CC7764}.Debug|Any CPU.Build.0 = Debug|Any CPU
		{A0AE53BD-FE4F-44D9-A019-1B1493CC7764}.Release|Any CPU.ActiveCfg = Release|Any CPU
		{A0AE53BD-FE4F-44D9-A019-1B1493CC7764}.Release|Any CPU.Build.0 = Release|Any CPU
		{D913B333-5CEA-4FFC-9F4A-CAAFF1529C8C}.Debug|Any CPU.ActiveCfg = Debug|Any CPU
		{D913B333-5CEA-4FFC-9F4A-CAAFF1529C8C}.Debug|Any CPU.Build.0 = Debug|Any CPU
		{D913B333-5CEA-4FFC-9F4A-CAAFF1529C8C}.Release|Any CPU.ActiveCfg = Release|Any CPU
		{D913B333-5CEA-4FFC-9F4A-CAAFF1529C8C}.Release|Any CPU.Build.0 = Release|Any CPU
		{5BFEB3B6-5B1B-4BB0-85C8-771490A1BBCC}.Debug|Any CPU.ActiveCfg = Debug|Any CPU
		{5BFEB3B6-5B1B-4BB0-85C8-771490A1BBCC}.Debug|Any CPU.Build.0 = Debug|Any CPU
		{5BFEB3B6-5B1B-4BB0-85C8-771490A1BBCC}.Release|Any CPU.ActiveCfg = Release|Any CPU
		{5BFEB3B6-5B1B-4BB0-85C8-771490A1BBCC}.Release|Any CPU.Build.0 = Release|Any CPU
		{89A1C71A-D58A-4D16-9D0D-5F892AD1378E}.Debug|Any CPU.ActiveCfg = Debug|Any CPU
		{89A1C71A-D58A-4D16-9D0D-5F892AD1378E}.Debug|Any CPU.Build.0 = Debug|Any CPU
		{89A1C71A-D58A-4D16-9D0D-5F892AD1378E}.Release|Any CPU.ActiveCfg = Release|Any CPU
		{89A1C71A-D58A-4D16-9D0D-5F892AD1378E}.Release|Any CPU.Build.0 = Release|Any CPU
		{08114492-21D9-4D32-98DA-5BB89CA3DE41}.Debug|Any CPU.ActiveCfg = Debug|Any CPU
		{08114492-21D9-4D32-98DA-5BB89CA3DE41}.Debug|Any CPU.Build.0 = Debug|Any CPU
		{08114492-21D9-4D32-98DA-5BB89CA3DE41}.Release|Any CPU.ActiveCfg = Release|Any CPU
		{08114492-21D9-4D32-98DA-5BB89CA3DE41}.Release|Any CPU.Build.0 = Release|Any CPU
	EndGlobalSection
	GlobalSection(SolutionProperties) = preSolution
		HideSolutionNode = FALSE
	EndGlobalSection
	GlobalSection(ExtensibilityGlobals) = postSolution
		SolutionGuid = {C4B0EC8A-5C12-462E-84AF-9019663040A0}
	EndGlobalSection
EndGlobal
