
Microsoft Visual Studio Solution File, Format Version 12.00
# Visual Studio Version 17
VisualStudioVersion = 17.13.35828.75
MinimumVisualStudioVersion = 10.0.40219.1
Project("{FAE04EC0-301F-11D3-BF4B-00C04F79EFBC}") = "Practice1.Task1", "Task1\Practice1.Task1.csproj", "{C460B82D-A95B-49C3-9979-53279D5E4BFC}"
EndProject
Project("{FAE04EC0-301F-11D3-BF4B-00C04F79EFBC}") = "Practice1.Task2", "Task2\Practice1.Task2.csproj", "{A0AE53BD-FE4F-44D9-A019-1B1493CC7764}"
EndProject
Project("{FAE04EC0-301F-11D3-BF4B-00C04F79EFBC}") = "Practice1.Task3", "Task3\Practice1.Task3.csproj", "{D913B333-5CEA-4FFC-9F4A-CAAFF1529C8C}"
EndProject
Project("{FAE04EC0-301F-11D3-BF4B-00C04F79EFBC}") = "Practice1.Task4", "Task4\Practice1.Task4.csproj", "{5BFEB3B6-5B1B-4BB0-85C8-771490A1BBCC}"
EndProject
Project("{FAE04EC0-301F-11D3-BF4B-00C04F79EFBC}") = "Practice1.Task5", "Task5\Practice1.Task5.csproj", "{89A1C71A-D58A-4D16-9D0D-5F892AD1378E}"
EndProject
Project("{FAE04EC0-301F-11D3-BF4B-00C04F79EFBC}") = "Practice1.Task6", "Task6\Practice1.Task6.csproj", "{08114492-21D9-4D32-98DA-5BB89CA3DE41}"
EndProject
Project("{2150E333-8FDC-42A3-9474-1A3956D46DE8}") = "Practice1", "Practice1", "{36D591C7-65C7-A0D1-1CBC-10CDE441BDC8}"
EndProject
Project("{2150E333-8FDC-42A3-9474-1A3956D46DE8}") = "Practice2", "Practice2", "{FA4891FF-2CB7-4FCC-9346-7FA57C172232}"
EndProject
Project("{FAE04EC0-301F-11D3-BF4B-00C04F79EFBC}") = "Practice2.Task1", "Practice2.Task1\Practice2.Task1.csproj", "{B7701D31-2119-4CF0-B5B6-8724808ABF6D}"
EndProject
Project("{FAE04EC0-301F-11D3-BF4B-00C04F79EFBC}") = "Practice2.Task2", "Practice2.Task2\Practice2.Task2.csproj", "{F125CDB8-79D3-4725-8D39-3FAC30EF6AB0}"
EndProject
Project("{FAE04EC0-301F-11D3-BF4B-00C04F79EFBC}") = "Practice2.Task3", "Practice2.Task3\Practice2.Task3\Practice2.Task3.csproj", "{E92F5541-D72E-4644-9147-81A5EE0EB27A}"
EndProject
Project("{FAE04EC0-301F-11D3-BF4B-00C04F79EFBC}") = "Practice2.Task4", "Practice2.Task4\Practice2.Task4.csproj", "{7C475903-DCE1-4BEE-A813-CD61CFC74AD5}"
EndProject
Project("{FAE04EC0-301F-11D3-BF4B-00C04F79EFBC}") = "Practice2.Task5", "Practice2.Task5\Practice2.Task5.csproj", "{3B555DA7-89AC-4847-BF9D-005F492931B2}"
EndProject
Project("{FAE04EC0-301F-11D3-BF4B-00C04F79EFBC}") = "Practice2.Task6", "Practice2.Task6\Practice2.Task6.csproj", "{28A5CAAB-32D0-4627-8330-7583B40D5E7A}"
EndProject
Project("{FAE04EC0-301F-11D3-BF4B-00C04F79EFBC}") = "Practice2.Task7", "Practice2.Task7\Practice2.Task7.csproj", "{2BA69D63-5CB1-405B-B891-3D8FD6673EE3}"
EndProject
Project("{FAE04EC0-301F-11D3-BF4B-00C04F79EFBC}") = "Practice2.Task8", "Practice2.Task8\Practice2.Task8.csproj", "{945CA3D8-19AC-4C89-9486-31FFE362BB6F}"
EndProject
Project("{FAE04EC0-301F-11D3-BF4B-00C04F79EFBC}") = "Practice2.Task9", "Practice2.Task9\Practice2.Task9.csproj", "{FFDF5DAC-17A5-4827-AA3B-D16FCB695A31}"
EndProject
Project("{FAE04EC0-301F-11D3-BF4B-00C04F79EFBC}") = "Practice2.Task10", "Practice2.Task10\Practice2.Task10.csproj", "{3EF16808-5124-4DA7-9DC8-10E9094CE629}"
EndProject
Project("{FAE04EC0-301F-11D3-BF4B-00C04F79EFBC}") = "Practice2.Task11", "Practice2.Task11\Practice2.Task11.csproj", "{52AF6FD6-A6EE-4951-ACC9-009D034475C8}"
EndProject
Project("{FAE04EC0-301F-11D3-BF4B-00C04F79EFBC}") = "Practice2.Task12", "Practice2.Task12\Practice2.Task12.csproj", "{031D717A-817B-47CB-A41C-4E639FD72177}"
EndProject
Project("{FAE04EC0-301F-11D3-BF4B-00C04F79EFBC}") = "Practice2.Task13", "Practice2.Task13\Practice2.Task13.csproj", "{2FD70378-D834-4C86-9C27-4E94F8C1F984}"
EndProject
Project("{FAE04EC0-301F-11D3-BF4B-00C04F79EFBC}") = "Practice2.Task14", "Practice2.Task14\Practice2.Task14.csproj", "{E1C577B9-1D81-4867-805A-FC0CFD48F3F1}"
EndProject
Project("{FAE04EC0-301F-11D3-BF4B-00C04F79EFBC}") = "Practice2.Task15", "Practice2.Task15\Practice2.Task15.csproj", "{4983B83F-96BD-4C86-B737-1F191C149C57}"
EndProject
Project("{FAE04EC0-301F-11D3-BF4B-00C04F79EFBC}") = "Practice2.Task16", "Practice2.Task16\Practice2.Task16.csproj", "{0679EBC1-B399-4541-A8B1-72A10608B665}"
EndProject
Global
	GlobalSection(SolutionConfigurationPlatforms) = preSolution
		Debug|Any CPU = Debug|Any CPU
		Release|Any CPU = Release|Any CPU
	EndGlobalSection
	GlobalSection(ProjectConfigurationPlatforms) = postSolution
		{C460B82D-A95B-49C3-9979-53279D5E4BFC}.Debug|Any CPU.ActiveCfg = Debug|Any CPU
		{C460B82D-A95B-49C3-9979-53279D5E4BFC}.Debug|Any CPU.Build.0 = Debug|Any CPU
		{C460B82D-A95B-49C3-9979-53279D5E4BFC}.Release|Any CPU.ActiveCfg = Release|Any CPU
		{C460B82D-A95B-49C3-9979-53279D5E4BFC}.Release|Any CPU.Build.0 = Release|Any CPU
		{A0AE53BD-FE4F-44D9-A019-1B1493CC7764}.Debug|Any CPU.ActiveCfg = Debug|Any CPU
		{A0AE53BD-FE4F-44D9-A019-1B1493CC7764}.Debug|Any CPU.Build.0 = Debug|Any CPU
		{A0AE53BD-FE4F-44D9-A019-1B1493CC7764}.Release|Any CPU.ActiveCfg = Release|Any CPU
		{A0AE53BD-FE4F-44D9-A019-1B1493CC7764}.Release|Any CPU.Build.0 = Release|Any CPU
		{D913B333-5CEA-4FFC-9F4A-CAAFF1529C8C}.Debug|Any CPU.ActiveCfg = Debug|Any CPU
		{D913B333-5CEA-4FFC-9F4A-CAAFF1529C8C}.Debug|Any CPU.Build.0 = Debug|Any CPU
		{D913B333-5CEA-4FFC-9F4A-CAAFF1529C8C}.Release|Any CPU.ActiveCfg = Release|Any CPU
		{D913B333-5CEA-4FFC-9F4A-CAAFF1529C8C}.Release|Any CPU.Build.0 = Release|Any CPU
		{5BFEB3B6-5B1B-4BB0-85C8-771490A1BBCC}.Debug|Any CPU.ActiveCfg = Debug|Any CPU
		{5BFEB3B6-5B1B-4BB0-85C8-771490A1BBCC}.Debug|Any CPU.Build.0 = Debug|Any CPU
		{5BFEB3B6-5B1B-4BB0-85C8-771490A1BBCC}.Release|Any CPU.ActiveCfg = Release|Any CPU
		{5BFEB3B6-5B1B-4BB0-85C8-771490A1BBCC}.Release|Any CPU.Build.0 = Release|Any CPU
		{89A1C71A-D58A-4D16-9D0D-5F892AD1378E}.Debug|Any CPU.ActiveCfg = Debug|Any CPU
		{89A1C71A-D58A-4D16-9D0D-5F892AD1378E}.Debug|Any CPU.Build.0 = Debug|Any CPU
		{89A1C71A-D58A-4D16-9D0D-5F892AD1378E}.Release|Any CPU.ActiveCfg = Release|Any CPU
		{89A1C71A-D58A-4D16-9D0D-5F892AD1378E}.Release|Any CPU.Build.0 = Release|Any CPU
		{08114492-21D9-4D32-98DA-5BB89CA3DE41}.Debug|Any CPU.ActiveCfg = Debug|Any CPU
		{08114492-21D9-4D32-98DA-5BB89CA3DE41}.Debug|Any CPU.Build.0 = Debug|Any CPU
		{08114492-21D9-4D32-98DA-5BB89CA3DE41}.Release|Any CPU.ActiveCfg = Release|Any CPU
		{08114492-21D9-4D32-98DA-5BB89CA3DE41}.Release|Any CPU.Build.0 = Release|Any CPU
		{B7701D31-2119-4CF0-B5B6-8724808ABF6D}.Debug|Any CPU.ActiveCfg = Debug|Any CPU
		{B7701D31-2119-4CF0-B5B6-8724808ABF6D}.Debug|Any CPU.Build.0 = Debug|Any CPU
		{B7701D31-2119-4CF0-B5B6-8724808ABF6D}.Release|Any CPU.ActiveCfg = Release|Any CPU
		{B7701D31-2119-4CF0-B5B6-8724808ABF6D}.Release|Any CPU.Build.0 = Release|Any CPU
		{F125CDB8-79D3-4725-8D39-3FAC30EF6AB0}.Debug|Any CPU.ActiveCfg = Debug|Any CPU
		{F125CDB8-79D3-4725-8D39-3FAC30EF6AB0}.Debug|Any CPU.Build.0 = Debug|Any CPU
		{F125CDB8-79D3-4725-8D39-3FAC30EF6AB0}.Release|Any CPU.ActiveCfg = Release|Any CPU
		{F125CDB8-79D3-4725-8D39-3FAC30EF6AB0}.Release|Any CPU.Build.0 = Release|Any CPU
		{E92F5541-D72E-4644-9147-81A5EE0EB27A}.Debug|Any CPU.ActiveCfg = Debug|Any CPU
		{E92F5541-D72E-4644-9147-81A5EE0EB27A}.Debug|Any CPU.Build.0 = Debug|Any CPU
		{E92F5541-D72E-4644-9147-81A5EE0EB27A}.Release|Any CPU.ActiveCfg = Release|Any CPU
		{E92F5541-D72E-4644-9147-81A5EE0EB27A}.Release|Any CPU.Build.0 = Release|Any CPU
		{7C475903-DCE1-4BEE-A813-CD61CFC74AD5}.Debug|Any CPU.ActiveCfg = Debug|Any CPU
		{7C475903-DCE1-4BEE-A813-CD61CFC74AD5}.Debug|Any CPU.Build.0 = Debug|Any CPU
		{7C475903-DCE1-4BEE-A813-CD61CFC74AD5}.Release|Any CPU.ActiveCfg = Release|Any CPU
		{7C475903-DCE1-4BEE-A813-CD61CFC74AD5}.Release|Any CPU.Build.0 = Release|Any CPU
		{3B555DA7-89AC-4847-BF9D-005F492931B2}.Debug|Any CPU.ActiveCfg = Debug|Any CPU
		{3B555DA7-89AC-4847-BF9D-005F492931B2}.Debug|Any CPU.Build.0 = Debug|Any CPU
		{3B555DA7-89AC-4847-BF9D-005F492931B2}.Release|Any CPU.ActiveCfg = Release|Any CPU
		{3B555DA7-89AC-4847-BF9D-005F492931B2}.Release|Any CPU.Build.0 = Release|Any CPU
		{28A5CAAB-32D0-4627-8330-7583B40D5E7A}.Debug|Any CPU.ActiveCfg = Debug|Any CPU
		{28A5CAAB-32D0-4627-8330-7583B40D5E7A}.Debug|Any CPU.Build.0 = Debug|Any CPU
		{28A5CAAB-32D0-4627-8330-7583B40D5E7A}.Release|Any CPU.ActiveCfg = Release|Any CPU
		{28A5CAAB-32D0-4627-8330-7583B40D5E7A}.Release|Any CPU.Build.0 = Release|Any CPU
		{2BA69D63-5CB1-405B-B891-3D8FD6673EE3}.Debug|Any CPU.ActiveCfg = Debug|Any CPU
		{2BA69D63-5CB1-405B-B891-3D8FD6673EE3}.Debug|Any CPU.Build.0 = Debug|Any CPU
		{2BA69D63-5CB1-405B-B891-3D8FD6673EE3}.Release|Any CPU.ActiveCfg = Release|Any CPU
		{2BA69D63-5CB1-405B-B891-3D8FD6673EE3}.Release|Any CPU.Build.0 = Release|Any CPU
		{945CA3D8-19AC-4C89-9486-31FFE362BB6F}.Debug|Any CPU.ActiveCfg = Debug|Any CPU
		{945CA3D8-19AC-4C89-9486-31FFE362BB6F}.Debug|Any CPU.Build.0 = Debug|Any CPU
		{945CA3D8-19AC-4C89-9486-31FFE362BB6F}.Release|Any CPU.ActiveCfg = Release|Any CPU
		{945CA3D8-19AC-4C89-9486-31FFE362BB6F}.Release|Any CPU.Build.0 = Release|Any CPU
		{FFDF5DAC-17A5-4827-AA3B-D16FCB695A31}.Debug|Any CPU.ActiveCfg = Debug|Any CPU
		{FFDF5DAC-17A5-4827-AA3B-D16FCB695A31}.Debug|Any CPU.Build.0 = Debug|Any CPU
		{FFDF5DAC-17A5-4827-AA3B-D16FCB695A31}.Release|Any CPU.ActiveCfg = Release|Any CPU
		{FFDF5DAC-17A5-4827-AA3B-D16FCB695A31}.Release|Any CPU.Build.0 = Release|Any CPU
		{3EF16808-5124-4DA7-9DC8-10E9094CE629}.Debug|Any CPU.ActiveCfg = Debug|Any CPU
		{3EF16808-5124-4DA7-9DC8-10E9094CE629}.Debug|Any CPU.Build.0 = Debug|Any CPU
		{3EF16808-5124-4DA7-9DC8-10E9094CE629}.Release|Any CPU.ActiveCfg = Release|Any CPU
		{3EF16808-5124-4DA7-9DC8-10E9094CE629}.Release|Any CPU.Build.0 = Release|Any CPU
		{52AF6FD6-A6EE-4951-ACC9-009D034475C8}.Debug|Any CPU.ActiveCfg = Debug|Any CPU
		{52AF6FD6-A6EE-4951-ACC9-009D034475C8}.Debug|Any CPU.Build.0 = Debug|Any CPU
		{52AF6FD6-A6EE-4951-ACC9-009D034475C8}.Release|Any CPU.ActiveCfg = Release|Any CPU
		{52AF6FD6-A6EE-4951-ACC9-009D034475C8}.Release|Any CPU.Build.0 = Release|Any CPU
		{031D717A-817B-47CB-A41C-4E639FD72177}.Debug|Any CPU.ActiveCfg = Debug|Any CPU
		{031D717A-817B-47CB-A41C-4E639FD72177}.Debug|Any CPU.Build.0 = Debug|Any CPU
		{031D717A-817B-47CB-A41C-4E639FD72177}.Release|Any CPU.ActiveCfg = Release|Any CPU
		{031D717A-817B-47CB-A41C-4E639FD72177}.Release|Any CPU.Build.0 = Release|Any CPU
		{2FD70378-D834-4C86-9C27-4E94F8C1F984}.Debug|Any CPU.ActiveCfg = Debug|Any CPU
		{2FD70378-D834-4C86-9C27-4E94F8C1F984}.Debug|Any CPU.Build.0 = Debug|Any CPU
		{2FD70378-D834-4C86-9C27-4E94F8C1F984}.Release|Any CPU.ActiveCfg = Release|Any CPU
		{2FD70378-D834-4C86-9C27-4E94F8C1F984}.Release|Any CPU.Build.0 = Release|Any CPU
		{E1C577B9-1D81-4867-805A-FC0CFD48F3F1}.Debug|Any CPU.ActiveCfg = Debug|Any CPU
		{E1C577B9-1D81-4867-805A-FC0CFD48F3F1}.Debug|Any CPU.Build.0 = Debug|Any CPU
		{E1C577B9-1D81-4867-805A-FC0CFD48F3F1}.Release|Any CPU.ActiveCfg = Release|Any CPU
		{E1C577B9-1D81-4867-805A-FC0CFD48F3F1}.Release|Any CPU.Build.0 = Release|Any CPU
		{4983B83F-96BD-4C86-B737-1F191C149C57}.Debug|Any CPU.ActiveCfg = Debug|Any CPU
		{4983B83F-96BD-4C86-B737-1F191C149C57}.Debug|Any CPU.Build.0 = Debug|Any CPU
		{4983B83F-96BD-4C86-B737-1F191C149C57}.Release|Any CPU.ActiveCfg = Release|Any CPU
		{4983B83F-96BD-4C86-B737-1F191C149C57}.Release|Any CPU.Build.0 = Release|Any CPU
		{0679EBC1-B399-4541-A8B1-72A10608B665}.Debug|Any CPU.ActiveCfg = Debug|Any CPU
		{0679EBC1-B399-4541-A8B1-72A10608B665}.Debug|Any CPU.Build.0 = Debug|Any CPU
		{0679EBC1-B399-4541-A8B1-72A10608B665}.Release|Any CPU.ActiveCfg = Release|Any CPU
		{0679EBC1-B399-4541-A8B1-72A10608B665}.Release|Any CPU.Build.0 = Release|Any CPU
	EndGlobalSection
	GlobalSection(SolutionProperties) = preSolution
		HideSolutionNode = FALSE
	EndGlobalSection
	GlobalSection(NestedProjects) = preSolution
		{C460B82D-A95B-49C3-9979-53279D5E4BFC} = {36D591C7-65C7-A0D1-1CBC-10CDE441BDC8}
		{A0AE53BD-FE4F-44D9-A019-1B1493CC7764} = {36D591C7-65C7-A0D1-1CBC-10CDE441BDC8}
		{D913B333-5CEA-4FFC-9F4A-CAAFF1529C8C} = {36D591C7-65C7-A0D1-1CBC-10CDE441BDC8}
		{5BFEB3B6-5B1B-4BB0-85C8-771490A1BBCC} = {36D591C7-65C7-A0D1-1CBC-10CDE441BDC8}
		{89A1C71A-D58A-4D16-9D0D-5F892AD1378E} = {36D591C7-65C7-A0D1-1CBC-10CDE441BDC8}
		{08114492-21D9-4D32-98DA-5BB89CA3DE41} = {36D591C7-65C7-A0D1-1CBC-10CDE441BDC8}
		{B7701D31-2119-4CF0-B5B6-8724808ABF6D} = {FA4891FF-2CB7-4FCC-9346-7FA57C172232}
		{F125CDB8-79D3-4725-8D39-3FAC30EF6AB0} = {FA4891FF-2CB7-4FCC-9346-7FA57C172232}
		{E92F5541-D72E-4644-9147-81A5EE0EB27A} = {FA4891FF-2CB7-4FCC-9346-7FA57C172232}
		{7C475903-DCE1-4BEE-A813-CD61CFC74AD5} = {FA4891FF-2CB7-4FCC-9346-7FA57C172232}
		{3B555DA7-89AC-4847-BF9D-005F492931B2} = {FA4891FF-2CB7-4FCC-9346-7FA57C172232}
		{28A5CAAB-32D0-4627-8330-7583B40D5E7A} = {FA4891FF-2CB7-4FCC-9346-7FA57C172232}
		{2BA69D63-5CB1-405B-B891-3D8FD6673EE3} = {FA4891FF-2CB7-4FCC-9346-7FA57C172232}
		{945CA3D8-19AC-4C89-9486-31FFE362BB6F} = {FA4891FF-2CB7-4FCC-9346-7FA57C172232}
		{FFDF5DAC-17A5-4827-AA3B-D16FCB695A31} = {FA4891FF-2CB7-4FCC-9346-7FA57C172232}
		{3EF16808-5124-4DA7-9DC8-10E9094CE629} = {FA4891FF-2CB7-4FCC-9346-7FA57C172232}
		{52AF6FD6-A6EE-4951-ACC9-009D034475C8} = {FA4891FF-2CB7-4FCC-9346-7FA57C172232}
		{031D717A-817B-47CB-A41C-4E639FD72177} = {FA4891FF-2CB7-4FCC-9346-7FA57C172232}
		{2FD70378-D834-4C86-9C27-4E94F8C1F984} = {FA4891FF-2CB7-4FCC-9346-7FA57C172232}
		{E1C577B9-1D81-4867-805A-FC0CFD48F3F1} = {FA4891FF-2CB7-4FCC-9346-7FA57C172232}
		{4983B83F-96BD-4C86-B737-1F191C149C57} = {FA4891FF-2CB7-4FCC-9346-7FA57C172232}
		{0679EBC1-B399-4541-A8B1-72A10608B665} = {FA4891FF-2CB7-4FCC-9346-7FA57C172232}
	EndGlobalSection
	GlobalSection(ExtensibilityGlobals) = postSolution
		SolutionGuid = {C4B0EC8A-5C12-462E-84AF-9019663040A0}
	EndGlobalSection
EndGlobal
