
Microsoft Visual Studio Solution File, Format Version 12.00
# Visual Studio Version 17
VisualStudioVersion = 17.13.35828.75
MinimumVisualStudioVersion = 10.0.40219.1
Project("{FAE04EC0-301F-11D3-BF4B-00C04F79EFBC}") = "Practice1.Task1", "Task1\Practice1.Task1.csproj", "{C460B82D-A95B-49C3-9979-53279D5E4BFC}"
	ProjectSection(ProjectDependencies) = postProject
		{94B347BF-35A5-4AAE-83FE-DB67C471336E} = {94B347BF-35A5-4AAE-83FE-DB67C471336E}
	EndProjectSection
EndProject
Project("{FAE04EC0-301F-11D3-BF4B-00C04F79EFBC}") = "Practice1.Task2", "Task2\Practice1.Task2.csproj", "{A0AE53BD-FE4F-44D9-A019-1B1493CC7764}"
EndProject
Project("{FAE04EC0-301F-11D3-BF4B-00C04F79EFBC}") = "Practice1.Task3", "Task3\Practice1.Task3.csproj", "{D913B333-5CEA-4FFC-9F4A-CAAFF1529C8C}"
EndProject
Project("{FAE04EC0-301F-11D3-BF4B-00C04F79EFBC}") = "Practice1.Task4", "Task4\Practice1.Task4.csproj", "{5BFEB3B6-5B1B-4BB0-85C8-771490A1BBCC}"
EndProject
Project("{FAE04EC0-301F-11D3-BF4B-00C04F79EFBC}") = "Practice1.Task5", "Task5\Practice1.Task5.csproj", "{89A1C71A-D58A-4D16-9D0D-5F892AD1378E}"
EndProject
Project("{FAE04EC0-301F-11D3-BF4B-00C04F79EFBC}") = "Practice1.Task6", "Task6\Practice1.Task6.csproj", "{08114492-21D9-4D32-98DA-5BB89CA3DE41}"
EndProject
Project("{2150E333-8FDC-42A3-9474-1A3956D46DE8}") = "Practice1", "Practice1", "{36D591C7-65C7-A0D1-1CBC-10CDE441BDC8}"
EndProject
Project("{2150E333-8FDC-42A3-9474-1A3956D46DE8}") = "Practice2", "Practice2", "{FA4891FF-2CB7-4FCC-9346-7FA57C172232}"
EndProject
Project("{FAE04EC0-301F-11D3-BF4B-00C04F79EFBC}") = "Practice2.Task1", "Practice2.Task1\Practice2.Task1.csproj", "{B7701D31-2119-4CF0-B5B6-8724808ABF6D}"
EndProject
Project("{FAE04EC0-301F-11D3-BF4B-00C04F79EFBC}") = "Practice2.Task2", "Practice2.Task2\Practice2.Task2.csproj", "{F125CDB8-79D3-4725-8D39-3FAC30EF6AB0}"
EndProject
Project("{FAE04EC0-301F-11D3-BF4B-00C04F79EFBC}") = "Practice2.Task3", "Practice2.Task3\Practice2.Task3\Practice2.Task3.csproj", "{E92F5541-D72E-4644-9147-81A5EE0EB27A}"
EndProject
Project("{FAE04EC0-301F-11D3-BF4B-00C04F79EFBC}") = "Practice2.Task4", "Practice2.Task4\Practice2.Task4.csproj", "{7C475903-DCE1-4BEE-A813-CD61CFC74AD5}"
EndProject
Project("{FAE04EC0-301F-11D3-BF4B-00C04F79EFBC}") = "Practice2.Task5", "Practice2.Task5\Practice2.Task5.csproj", "{3B555DA7-89AC-4847-BF9D-005F492931B2}"
EndProject
Project("{FAE04EC0-301F-11D3-BF4B-00C04F79EFBC}") = "Practice2.Task6", "Practice2.Task6\Practice2.Task6.csproj", "{28A5CAAB-32D0-4627-8330-7583B40D5E7A}"
EndProject
Project("{FAE04EC0-301F-11D3-BF4B-00C04F79EFBC}") = "Practice2.Task7", "Practice2.Task7\Practice2.Task7.csproj", "{2BA69D63-5CB1-405B-B891-3D8FD6673EE3}"
EndProject
Project("{FAE04EC0-301F-11D3-BF4B-00C04F79EFBC}") = "Practice2.Task8", "Practice2.Task8\Practice2.Task8.csproj", "{945CA3D8-19AC-4C89-9486-31FFE362BB6F}"
EndProject
Project("{FAE04EC0-301F-11D3-BF4B-00C04F79EFBC}") = "Practice2.Task9", "Practice2.Task9\Practice2.Task9.csproj", "{FFDF5DAC-17A5-4827-AA3B-D16FCB695A31}"
EndProject
Project("{FAE04EC0-301F-11D3-BF4B-00C04F79EFBC}") = "Practice2.Task10", "Practice2.Task10\Practice2.Task10.csproj", "{3EF16808-5124-4DA7-9DC8-10E9094CE629}"
EndProject
Project("{FAE04EC0-301F-11D3-BF4B-00C04F79EFBC}") = "Practice2.Task11", "Practice2.Task11\Practice2.Task11.csproj", "{52AF6FD6-A6EE-4951-ACC9-009D034475C8}"
EndProject
Project("{FAE04EC0-301F-11D3-BF4B-00C04F79EFBC}") = "Practice2.Task12", "Practice2.Task12\Practice2.Task12.csproj", "{031D717A-817B-47CB-A41C-4E639FD72177}"
EndProject
Project("{FAE04EC0-301F-11D3-BF4B-00C04F79EFBC}") = "Practice2.Task13", "Practice2.Task13\Practice2.Task13.csproj", "{2FD70378-D834-4C86-9C27-4E94F8C1F984}"
EndProject
Project("{FAE04EC0-301F-11D3-BF4B-00C04F79EFBC}") = "Practice2.Task14", "Practice2.Task14\Practice2.Task14.csproj", "{E1C577B9-1D81-4867-805A-FC0CFD48F3F1}"
EndProject
Project("{FAE04EC0-301F-11D3-BF4B-00C04F79EFBC}") = "Practice2.Task15", "Practice2.Task15\Practice2.Task15.csproj", "{4983B83F-96BD-4C86-B737-1F191C149C57}"
EndProject
Project("{FAE04EC0-301F-11D3-BF4B-00C04F79EFBC}") = "Practice2.Task16", "Practice2.Task16\Practice2.Task16.csproj", "{0679EBC1-B399-4541-A8B1-72A10608B665}"
EndProject
Project("{FAE04EC0-301F-11D3-BF4B-00C04F79EFBC}") = "Practice2.Task17", "Practice2.Task17\Practice2.Task17.csproj", "{AE476260-DA26-43B8-9C67-70D18A1853FF}"
EndProject
Project("{FAE04EC0-301F-11D3-BF4B-00C04F79EFBC}") = "Practice2.Task18", "Practice2.Task18\Practice2.Task18.csproj", "{BBC01950-8C88-46A7-B4A6-EE4D358BADB7}"
EndProject
Project("{FAE04EC0-301F-11D3-BF4B-00C04F79EFBC}") = "Practice2.Task19", "Practice2.Task19\Practice2.Task19.csproj", "{5CE4DB82-E940-410C-AE83-B432710DAFA1}"
EndProject
Project("{FAE04EC0-301F-11D3-BF4B-00C04F79EFBC}") = "Practice2.Task20", "Practice2.Task20\Practice2.Task20.csproj", "{5012C991-3EBB-429D-8A1C-783B529F53CF}"
EndProject
Project("{FAE04EC0-301F-11D3-BF4B-00C04F79EFBC}") = "Practice2.Task21", "Practice2.Task21\Practice2.Task21.csproj", "{6D9BF88F-F846-4B7B-B5AE-A06FC6C59CC4}"
EndProject
Project("{FAE04EC0-301F-11D3-BF4B-00C04F79EFBC}") = "Practice2.Task22", "Practice2.Task22\Practice2.Task22.csproj", "{C95412D1-0265-40BA-ADB3-F9CF49B06CB8}"
EndProject
Project("{FAE04EC0-301F-11D3-BF4B-00C04F79EFBC}") = "Practice2.Task22a", "Practice2.Task22a\Practice2.Task22a.csproj", "{2104DE19-50AE-42C6-B145-DFAE482DC16B}"
EndProject
Project("{FAE04EC0-301F-11D3-BF4B-00C04F79EFBC}") = "Practice2.Task22b", "Practice2.Task22b\Practice2.Task22b.csproj", "{DF2C05B5-8226-4B86-A039-E2578DE6D9E7}"
EndProject
Project("{FAE04EC0-301F-11D3-BF4B-00C04F79EFBC}") = "Practice2.Task23", "Practice2.Task23\Practice2.Task23.csproj", "{089239B0-4945-46B5-8B87-3B4810F53E5F}"
EndProject
Project("{FAE04EC0-301F-11D3-BF4B-00C04F79EFBC}") = "Practice2.Task24", "Practice2.Task24\Practice2.Task24.csproj", "{1A28AD2C-5A0D-4EA3-8C99-F4BE888AFF62}"
EndProject
Project("{FAE04EC0-301F-11D3-BF4B-00C04F79EFBC}") = "Practice2.Task25", "Practice2.Task25\Practice2.Task25.csproj", "{D0EED554-AA47-4F17-A683-21FF264111A1}"
EndProject
Project("{2150E333-8FDC-42A3-9474-1A3956D46DE8}") = "Practice3", "Practice3", "{DAC47A37-2642-4D00-9351-A39EA512B242}"
EndProject
Project("{FAE04EC0-301F-11D3-BF4B-00C04F79EFBC}") = "Practice3.Task1", "Practice3.Task1\Practice3.Task1.csproj", "{88B9A3A0-2F2E-4A77-9D6B-F1EA22E57A3A}"
EndProject
Project("{FAE04EC0-301F-11D3-BF4B-00C04F79EFBC}") = "Practice3.Task2", "Practice3.Task2\Practice3.Task2.csproj", "{E7A67322-8030-42FE-AFAD-129EFAB48798}"
EndProject
Project("{FAE04EC0-301F-11D3-BF4B-00C04F79EFBC}") = "Practice3.Task3", "Practice3.Task3\Practice3.Task3.csproj", "{74AE410A-A179-4E07-B382-FE2DB75A5EC7}"
EndProject
Project("{FAE04EC0-301F-11D3-BF4B-00C04F79EFBC}") = "Practice3.Task4", "Practice3.Task4\Practice3.Task4.csproj", "{94D35562-4832-49B3-A7B5-A4CE66BA2A28}"
EndProject
Project("{FAE04EC0-301F-11D3-BF4B-00C04F79EFBC}") = "Practice3.Task5", "Practice3.Task5\Practice3.Task5.csproj", "{FB792204-2A02-44FC-82E8-D29E32B65B28}"
EndProject
Project("{FAE04EC0-301F-11D3-BF4B-00C04F79EFBC}") = "Practice3.Task6", "Practice3.Task6\Practice3.Task6.csproj", "{DDF9E975-D0D8-4A08-A90C-29109BB78BFC}"
EndProject
Project("{FAE04EC0-301F-11D3-BF4B-00C04F79EFBC}") = "Practice3.Task7", "Practice3.Task7\Practice3.Task7.csproj", "{5119E9E3-ABDA-4D38-97B9-DCDD202CD3D9}"
EndProject
Project("{FAE04EC0-301F-11D3-BF4B-00C04F79EFBC}") = "Practice3.Task8", "Practice3.Task8\Practice3.Task8.csproj", "{BB167F95-F9D7-48C7-9574-F54073177D1F}"
EndProject
Project("{FAE04EC0-301F-11D3-BF4B-00C04F79EFBC}") = "Practice3.Task9", "Practice3.Task9\Practice3.Task9.csproj", "{5E3E1543-1E72-4DE4-BD0B-C30201538712}"
EndProject
Project("{FAE04EC0-301F-11D3-BF4B-00C04F79EFBC}") = "Practice3.Task10", "Practice3.Task10\Practice3.Task10.csproj", "{9D5698B6-EB59-44E4-A638-DAD9BC7487B8}"
EndProject
Project("{FAE04EC0-301F-11D3-BF4B-00C04F79EFBC}") = "Practice3.Task11", "Practice3.Task11\Practice3.Task11.csproj", "{8105F905-A498-40EB-9346-C53C024D3802}"
EndProject
Project("{2150E333-8FDC-42A3-9474-1A3956D46DE8}") = "Practice4", "Practice4", "{A69AF162-4C4E-4E0F-A209-9198CE432AD1}"
EndProject
Project("{FAE04EC0-301F-11D3-BF4B-00C04F79EFBC}") = "Practice4.Task1", "Practice4\Practice4.Task1.csproj", "{C3A3E3BE-F0E9-4816-91BF-C46578BC67EA}"
EndProject
Project("{FAE04EC0-301F-11D3-BF4B-00C04F79EFBC}") = "Practice4.Task2", "Practice4.Task2\Practice4.Task2.csproj", "{616268C7-CB73-430F-88A3-7DD9F7288CE7}"
EndProject
Project("{FAE04EC0-301F-11D3-BF4B-00C04F79EFBC}") = "PersonLib", "Person\PersonLib.csproj", "{94B347BF-35A5-4AAE-83FE-DB67C471336E}"
EndProject
Project("{FAE04EC0-301F-11D3-BF4B-00C04F79EFBC}") = "Practice4.Task3", "Practice4.Task3\Practice4.Task3.csproj", "{B05DD6E8-1229-4D25-AADE-0CB573F89193}"
EndProject
Project("{2150E333-8FDC-42A3-9474-1A3956D46DE8}") = "Practice5", "Practice5", "{B9669BFE-3329-438F-B5C0-F34FD1300231}"
EndProject
Project("{FAE04EC0-301F-11D3-BF4B-00C04F79EFBC}") = "Practice5.Task1A", "Practice5.Task1\Practice5.Task1A.csproj", "{3E7B1F3C-53DC-4CB2-85E3-D50A0FE66C3F}"
EndProject
Project("{FAE04EC0-301F-11D3-BF4B-00C04F79EFBC}") = "Practice5.Task1B", "Practice5.Task1B\Practice5.Task1B.csproj", "{AC19DF77-D076-424A-8FD5-7FA159C7B5F8}"
EndProject
Project("{FAE04EC0-301F-11D3-BF4B-00C04F79EFBC}") = "Practice5.Task1С", "Practice5.Task1С\Practice5.Task1С.csproj", "{89DDCFC3-D927-421D-AC1D-F424972AE802}"
	ProjectSection(ProjectDependencies) = postProject
		{18EAB0D4-33C3-40AA-95EA-55306C69D23F} = {18EAB0D4-33C3-40AA-95EA-55306C69D23F}
	EndProjectSection
EndProject
Project("{FAE04EC0-301F-11D3-BF4B-00C04F79EFBC}") = "Logger", "Logger\Logger.csproj", "{18EAB0D4-33C3-40AA-95EA-55306C69D23F}"
EndProject
Project("{FAE04EC0-301F-11D3-BF4B-00C04F79EFBC}") = "Practice5.Task3a", "Practice5.Task3a\Practice5.Task3a.csproj", "{CF1921A7-46B2-4C2C-935C-9796C8EC1EAA}"
EndProject
Project("{FAE04EC0-301F-11D3-BF4B-00C04F79EFBC}") = "Practice5.Task3b", "Practice5.Task3b\Practice5.Task3b.csproj", "{0CA56D04-D6C8-4191-8020-B21607DF2B20}"
EndProject
Project("{FAE04EC0-301F-11D3-BF4B-00C04F79EFBC}") = "Practice5.Task3с", "Practice5.Task3с\Practice5.Task3с.csproj", "{3BAAAE70-27EF-4300-8D8F-000FB7CF39EA}"
EndProject
Project("{FAE04EC0-301F-11D3-BF4B-00C04F79EFBC}") = "Practice5.Task3d", "Practice5.Task3d\Practice5.Task3d.csproj", "{1D59CC5D-E22B-4582-9B17-BEBDA924649B}"
EndProject
Project("{FAE04EC0-301F-11D3-BF4B-00C04F79EFBC}") = "Practice5.Task3e", "Practice5.Task3e\Practice5.Task3e.csproj", "{F20CD6F9-21C9-43B4-8EFB-034FE2C72073}"
	ProjectSection(ProjectDependencies) = postProject
		{1D59CC5D-E22B-4582-9B17-BEBDA924649B} = {1D59CC5D-E22B-4582-9B17-BEBDA924649B}
	EndProjectSection
EndProject
Project("{2150E333-8FDC-42A3-9474-1A3956D46DE8}") = "Practice6", "Practice6", "{54424CF8-D546-49DD-9AC2-B22D592FEE4B}"
EndProject
Project("{FAE04EC0-301F-11D3-BF4B-00C04F79EFBC}") = "Practice6.Task1", "Practice6.Task1\Practice6.Task1.csproj", "{90DD3B01-B934-45A8-90A5-3C2603E9CE0B}"
EndProject
Project("{FAE04EC0-301F-11D3-BF4B-00C04F79EFBC}") = "Practice6.Task1a", "Practice6.Task1a\Practice6.Task1a.csproj", "{0407EA8F-E600-49DB-9A82-5C0FDAF1707E}"
EndProject
Project("{FAE04EC0-301F-11D3-BF4B-00C04F79EFBC}") = "Practice6.Task2", "Practice6.Task2\Practice6.Task2.csproj", "{B9351F45-E642-4CD3-A03C-EAD5EB97605C}"
EndProject
Project("{FAE04EC0-301F-11D3-BF4B-00C04F79EFBC}") = "Practice6.Task2a", "Practice6.Task2a\Practice6.Task2a.csproj", "{0CB9175D-BFFB-42BC-A409-EFB94E195C46}"
	ProjectSection(ProjectDependencies) = postProject
		{B9351F45-E642-4CD3-A03C-EAD5EB97605C} = {B9351F45-E642-4CD3-A03C-EAD5EB97605C}
	EndProjectSection
EndProject
Project("{FAE04EC0-301F-11D3-BF4B-00C04F79EFBC}") = "Practice6.Task3", "Practice6.Task3\Practice6.Task3.csproj", "{4FD0CD76-091E-4D7B-88E3-E7B64165F2D8}"
EndProject
Project("{FAE04EC0-301F-11D3-BF4B-00C04F79EFBC}") = "Practice6.Task3a", "Practice6.Task3a\Practice6.Task3a.csproj", "{A4A3617C-312D-40D7-95CA-D249E51DE9C5}"
EndProject
Project("{FAE04EC0-301F-11D3-BF4B-00C04F79EFBC}") = "Practice6.Task4", "Practice6.Task4\Practice6.Task4.csproj", "{B567F1D6-373C-4E98-8096-8596AB0DEE10}"
EndProject
Project("{2150E333-8FDC-42A3-9474-1A3956D46DE8}") = "Practice7", "Practice7", "{20C0112E-E097-4986-9772-002578FF9A22}"
EndProject
Project("{FAE04EC0-301F-11D3-BF4B-00C04F79EFBC}") = "Practice7.Interface", "Practice7.Task1\Practice7.Interface.csproj", "{12AE737B-F3C2-4596-A17F-C6F35C905C2A}"
EndProject
Project("{FAE04EC0-301F-11D3-BF4B-00C04F79EFBC}") = "Practice7.IClonable", "Practice7.IClonable\Practice7.IClonable.csproj", "{FECFE1C2-5264-42CD-923F-49DD71704EF1}"
EndProject
Project("{FAE04EC0-301F-11D3-BF4B-00C04F79EFBC}") = "Practice7.IComparableAndIComparer", "Practice7.IComparableAndIComparer\Practice7.IComparableAndIComparer.csproj", "{F6E00E6B-8B48-4BF5-A708-8D890997BE6F}"
EndProject
Project("{FAE04EC0-301F-11D3-BF4B-00C04F79EFBC}") = "Practice7.IEnumerableAndIEnumerator", "Practice7.IEnumerableAndIEnumerator\Practice7.IEnumerableAndIEnumerator.csproj", "{DFD3A898-FDF1-4B08-A5C7-98FF2CE5D06A}"
EndProject
Global
	GlobalSection(SolutionConfigurationPlatforms) = preSolution
		Debug|Any CPU = Debug|Any CPU
		Release|Any CPU = Release|Any CPU
	EndGlobalSection
	GlobalSection(ProjectConfigurationPlatforms) = postSolution
		{C460B82D-A95B-49C3-9979-53279D5E4BFC}.Debug|Any CPU.ActiveCfg = Debug|Any CPU
		{C460B82D-A95B-49C3-9979-53279D5E4BFC}.Debug|Any CPU.Build.0 = Debug|Any CPU
		{C460B82D-A95B-49C3-9979-53279D5E4BFC}.Release|Any CPU.ActiveCfg = Release|Any CPU
		{C460B82D-A95B-49C3-9979-53279D5E4BFC}.Release|Any CPU.Build.0 = Release|Any CPU
		{A0AE53BD-FE4F-44D9-A019-1B1493CC7764}.Debug|Any CPU.ActiveCfg = Debug|Any CPU
		{A0AE53BD-FE4F-44D9-A019-1B1493CC7764}.Debug|Any CPU.Build.0 = Debug|Any CPU
		{A0AE53BD-FE4F-44D9-A019-1B1493CC7764}.Release|Any CPU.ActiveCfg = Release|Any CPU
		{A0AE53BD-FE4F-44D9-A019-1B1493CC7764}.Release|Any CPU.Build.0 = Release|Any CPU
		{D913B333-5CEA-4FFC-9F4A-CAAFF1529C8C}.Debug|Any CPU.ActiveCfg = Debug|Any CPU
		{D913B333-5CEA-4FFC-9F4A-CAAFF1529C8C}.Debug|Any CPU.Build.0 = Debug|Any CPU
		{D913B333-5CEA-4FFC-9F4A-CAAFF1529C8C}.Release|Any CPU.ActiveCfg = Release|Any CPU
		{D913B333-5CEA-4FFC-9F4A-CAAFF1529C8C}.Release|Any CPU.Build.0 = Release|Any CPU
		{5BFEB3B6-5B1B-4BB0-85C8-771490A1BBCC}.Debug|Any CPU.ActiveCfg = Debug|Any CPU
		{5BFEB3B6-5B1B-4BB0-85C8-771490A1BBCC}.Debug|Any CPU.Build.0 = Debug|Any CPU
		{5BFEB3B6-5B1B-4BB0-85C8-771490A1BBCC}.Release|Any CPU.ActiveCfg = Release|Any CPU
		{5BFEB3B6-5B1B-4BB0-85C8-771490A1BBCC}.Release|Any CPU.Build.0 = Release|Any CPU
		{89A1C71A-D58A-4D16-9D0D-5F892AD1378E}.Debug|Any CPU.ActiveCfg = Debug|Any CPU
		{89A1C71A-D58A-4D16-9D0D-5F892AD1378E}.Debug|Any CPU.Build.0 = Debug|Any CPU
		{89A1C71A-D58A-4D16-9D0D-5F892AD1378E}.Release|Any CPU.ActiveCfg = Release|Any CPU
		{89A1C71A-D58A-4D16-9D0D-5F892AD1378E}.Release|Any CPU.Build.0 = Release|Any CPU
		{08114492-21D9-4D32-98DA-5BB89CA3DE41}.Debug|Any CPU.ActiveCfg = Debug|Any CPU
		{08114492-21D9-4D32-98DA-5BB89CA3DE41}.Debug|Any CPU.Build.0 = Debug|Any CPU
		{08114492-21D9-4D32-98DA-5BB89CA3DE41}.Release|Any CPU.ActiveCfg = Release|Any CPU
		{08114492-21D9-4D32-98DA-5BB89CA3DE41}.Release|Any CPU.Build.0 = Release|Any CPU
		{B7701D31-2119-4CF0-B5B6-8724808ABF6D}.Debug|Any CPU.ActiveCfg = Debug|Any CPU
		{B7701D31-2119-4CF0-B5B6-8724808ABF6D}.Debug|Any CPU.Build.0 = Debug|Any CPU
		{B7701D31-2119-4CF0-B5B6-8724808ABF6D}.Release|Any CPU.ActiveCfg = Release|Any CPU
		{B7701D31-2119-4CF0-B5B6-8724808ABF6D}.Release|Any CPU.Build.0 = Release|Any CPU
		{F125CDB8-79D3-4725-8D39-3FAC30EF6AB0}.Debug|Any CPU.ActiveCfg = Debug|Any CPU
		{F125CDB8-79D3-4725-8D39-3FAC30EF6AB0}.Debug|Any CPU.Build.0 = Debug|Any CPU
		{F125CDB8-79D3-4725-8D39-3FAC30EF6AB0}.Release|Any CPU.ActiveCfg = Release|Any CPU
		{F125CDB8-79D3-4725-8D39-3FAC30EF6AB0}.Release|Any CPU.Build.0 = Release|Any CPU
		{E92F5541-D72E-4644-9147-81A5EE0EB27A}.Debug|Any CPU.ActiveCfg = Debug|Any CPU
		{E92F5541-D72E-4644-9147-81A5EE0EB27A}.Debug|Any CPU.Build.0 = Debug|Any CPU
		{E92F5541-D72E-4644-9147-81A5EE0EB27A}.Release|Any CPU.ActiveCfg = Release|Any CPU
		{E92F5541-D72E-4644-9147-81A5EE0EB27A}.Release|Any CPU.Build.0 = Release|Any CPU
		{7C475903-DCE1-4BEE-A813-CD61CFC74AD5}.Debug|Any CPU.ActiveCfg = Debug|Any CPU
		{7C475903-DCE1-4BEE-A813-CD61CFC74AD5}.Debug|Any CPU.Build.0 = Debug|Any CPU
		{7C475903-DCE1-4BEE-A813-CD61CFC74AD5}.Release|Any CPU.ActiveCfg = Release|Any CPU
		{7C475903-DCE1-4BEE-A813-CD61CFC74AD5}.Release|Any CPU.Build.0 = Release|Any CPU
		{3B555DA7-89AC-4847-BF9D-005F492931B2}.Debug|Any CPU.ActiveCfg = Debug|Any CPU
		{3B555DA7-89AC-4847-BF9D-005F492931B2}.Debug|Any CPU.Build.0 = Debug|Any CPU
		{3B555DA7-89AC-4847-BF9D-005F492931B2}.Release|Any CPU.ActiveCfg = Release|Any CPU
		{3B555DA7-89AC-4847-BF9D-005F492931B2}.Release|Any CPU.Build.0 = Release|Any CPU
		{28A5CAAB-32D0-4627-8330-7583B40D5E7A}.Debug|Any CPU.ActiveCfg = Debug|Any CPU
		{28A5CAAB-32D0-4627-8330-7583B40D5E7A}.Debug|Any CPU.Build.0 = Debug|Any CPU
		{28A5CAAB-32D0-4627-8330-7583B40D5E7A}.Release|Any CPU.ActiveCfg = Release|Any CPU
		{28A5CAAB-32D0-4627-8330-7583B40D5E7A}.Release|Any CPU.Build.0 = Release|Any CPU
		{2BA69D63-5CB1-405B-B891-3D8FD6673EE3}.Debug|Any CPU.ActiveCfg = Debug|Any CPU
		{2BA69D63-5CB1-405B-B891-3D8FD6673EE3}.Debug|Any CPU.Build.0 = Debug|Any CPU
		{2BA69D63-5CB1-405B-B891-3D8FD6673EE3}.Release|Any CPU.ActiveCfg = Release|Any CPU
		{2BA69D63-5CB1-405B-B891-3D8FD6673EE3}.Release|Any CPU.Build.0 = Release|Any CPU
		{945CA3D8-19AC-4C89-9486-31FFE362BB6F}.Debug|Any CPU.ActiveCfg = Debug|Any CPU
		{945CA3D8-19AC-4C89-9486-31FFE362BB6F}.Debug|Any CPU.Build.0 = Debug|Any CPU
		{945CA3D8-19AC-4C89-9486-31FFE362BB6F}.Release|Any CPU.ActiveCfg = Release|Any CPU
		{945CA3D8-19AC-4C89-9486-31FFE362BB6F}.Release|Any CPU.Build.0 = Release|Any CPU
		{FFDF5DAC-17A5-4827-AA3B-D16FCB695A31}.Debug|Any CPU.ActiveCfg = Debug|Any CPU
		{FFDF5DAC-17A5-4827-AA3B-D16FCB695A31}.Debug|Any CPU.Build.0 = Debug|Any CPU
		{FFDF5DAC-17A5-4827-AA3B-D16FCB695A31}.Release|Any CPU.ActiveCfg = Release|Any CPU
		{FFDF5DAC-17A5-4827-AA3B-D16FCB695A31}.Release|Any CPU.Build.0 = Release|Any CPU
		{3EF16808-5124-4DA7-9DC8-10E9094CE629}.Debug|Any CPU.ActiveCfg = Debug|Any CPU
		{3EF16808-5124-4DA7-9DC8-10E9094CE629}.Debug|Any CPU.Build.0 = Debug|Any CPU
		{3EF16808-5124-4DA7-9DC8-10E9094CE629}.Release|Any CPU.ActiveCfg = Release|Any CPU
		{3EF16808-5124-4DA7-9DC8-10E9094CE629}.Release|Any CPU.Build.0 = Release|Any CPU
		{52AF6FD6-A6EE-4951-ACC9-009D034475C8}.Debug|Any CPU.ActiveCfg = Debug|Any CPU
		{52AF6FD6-A6EE-4951-ACC9-009D034475C8}.Debug|Any CPU.Build.0 = Debug|Any CPU
		{52AF6FD6-A6EE-4951-ACC9-009D034475C8}.Release|Any CPU.ActiveCfg = Release|Any CPU
		{52AF6FD6-A6EE-4951-ACC9-009D034475C8}.Release|Any CPU.Build.0 = Release|Any CPU
		{031D717A-817B-47CB-A41C-4E639FD72177}.Debug|Any CPU.ActiveCfg = Debug|Any CPU
		{031D717A-817B-47CB-A41C-4E639FD72177}.Debug|Any CPU.Build.0 = Debug|Any CPU
		{031D717A-817B-47CB-A41C-4E639FD72177}.Release|Any CPU.ActiveCfg = Release|Any CPU
		{031D717A-817B-47CB-A41C-4E639FD72177}.Release|Any CPU.Build.0 = Release|Any CPU
		{2FD70378-D834-4C86-9C27-4E94F8C1F984}.Debug|Any CPU.ActiveCfg = Debug|Any CPU
		{2FD70378-D834-4C86-9C27-4E94F8C1F984}.Debug|Any CPU.Build.0 = Debug|Any CPU
		{2FD70378-D834-4C86-9C27-4E94F8C1F984}.Release|Any CPU.ActiveCfg = Release|Any CPU
		{2FD70378-D834-4C86-9C27-4E94F8C1F984}.Release|Any CPU.Build.0 = Release|Any CPU
		{E1C577B9-1D81-4867-805A-FC0CFD48F3F1}.Debug|Any CPU.ActiveCfg = Debug|Any CPU
		{E1C577B9-1D81-4867-805A-FC0CFD48F3F1}.Debug|Any CPU.Build.0 = Debug|Any CPU
		{E1C577B9-1D81-4867-805A-FC0CFD48F3F1}.Release|Any CPU.ActiveCfg = Release|Any CPU
		{E1C577B9-1D81-4867-805A-FC0CFD48F3F1}.Release|Any CPU.Build.0 = Release|Any CPU
		{4983B83F-96BD-4C86-B737-1F191C149C57}.Debug|Any CPU.ActiveCfg = Debug|Any CPU
		{4983B83F-96BD-4C86-B737-1F191C149C57}.Debug|Any CPU.Build.0 = Debug|Any CPU
		{4983B83F-96BD-4C86-B737-1F191C149C57}.Release|Any CPU.ActiveCfg = Release|Any CPU
		{4983B83F-96BD-4C86-B737-1F191C149C57}.Release|Any CPU.Build.0 = Release|Any CPU
		{0679EBC1-B399-4541-A8B1-72A10608B665}.Debug|Any CPU.ActiveCfg = Debug|Any CPU
		{0679EBC1-B399-4541-A8B1-72A10608B665}.Debug|Any CPU.Build.0 = Debug|Any CPU
		{0679EBC1-B399-4541-A8B1-72A10608B665}.Release|Any CPU.ActiveCfg = Release|Any CPU
		{0679EBC1-B399-4541-A8B1-72A10608B665}.Release|Any CPU.Build.0 = Release|Any CPU
		{AE476260-DA26-43B8-9C67-70D18A1853FF}.Debug|Any CPU.ActiveCfg = Debug|Any CPU
		{AE476260-DA26-43B8-9C67-70D18A1853FF}.Debug|Any CPU.Build.0 = Debug|Any CPU
		{AE476260-DA26-43B8-9C67-70D18A1853FF}.Release|Any CPU.ActiveCfg = Release|Any CPU
		{AE476260-DA26-43B8-9C67-70D18A1853FF}.Release|Any CPU.Build.0 = Release|Any CPU
		{BBC01950-8C88-46A7-B4A6-EE4D358BADB7}.Debug|Any CPU.ActiveCfg = Debug|Any CPU
		{BBC01950-8C88-46A7-B4A6-EE4D358BADB7}.Debug|Any CPU.Build.0 = Debug|Any CPU
		{BBC01950-8C88-46A7-B4A6-EE4D358BADB7}.Release|Any CPU.ActiveCfg = Release|Any CPU
		{BBC01950-8C88-46A7-B4A6-EE4D358BADB7}.Release|Any CPU.Build.0 = Release|Any CPU
		{5CE4DB82-E940-410C-AE83-B432710DAFA1}.Debug|Any CPU.ActiveCfg = Debug|Any CPU
		{5CE4DB82-E940-410C-AE83-B432710DAFA1}.Debug|Any CPU.Build.0 = Debug|Any CPU
		{5CE4DB82-E940-410C-AE83-B432710DAFA1}.Release|Any CPU.ActiveCfg = Release|Any CPU
		{5CE4DB82-E940-410C-AE83-B432710DAFA1}.Release|Any CPU.Build.0 = Release|Any CPU
		{5012C991-3EBB-429D-8A1C-783B529F53CF}.Debug|Any CPU.ActiveCfg = Debug|Any CPU
		{5012C991-3EBB-429D-8A1C-783B529F53CF}.Debug|Any CPU.Build.0 = Debug|Any CPU
		{5012C991-3EBB-429D-8A1C-783B529F53CF}.Release|Any CPU.ActiveCfg = Release|Any CPU
		{5012C991-3EBB-429D-8A1C-783B529F53CF}.Release|Any CPU.Build.0 = Release|Any CPU
		{6D9BF88F-F846-4B7B-B5AE-A06FC6C59CC4}.Debug|Any CPU.ActiveCfg = Debug|Any CPU
		{6D9BF88F-F846-4B7B-B5AE-A06FC6C59CC4}.Debug|Any CPU.Build.0 = Debug|Any CPU
		{6D9BF88F-F846-4B7B-B5AE-A06FC6C59CC4}.Release|Any CPU.ActiveCfg = Release|Any CPU
		{6D9BF88F-F846-4B7B-B5AE-A06FC6C59CC4}.Release|Any CPU.Build.0 = Release|Any CPU
		{C95412D1-0265-40BA-ADB3-F9CF49B06CB8}.Debug|Any CPU.ActiveCfg = Debug|Any CPU
		{C95412D1-0265-40BA-ADB3-F9CF49B06CB8}.Debug|Any CPU.Build.0 = Debug|Any CPU
		{C95412D1-0265-40BA-ADB3-F9CF49B06CB8}.Release|Any CPU.ActiveCfg = Release|Any CPU
		{C95412D1-0265-40BA-ADB3-F9CF49B06CB8}.Release|Any CPU.Build.0 = Release|Any CPU
		{2104DE19-50AE-42C6-B145-DFAE482DC16B}.Debug|Any CPU.ActiveCfg = Debug|Any CPU
		{2104DE19-50AE-42C6-B145-DFAE482DC16B}.Debug|Any CPU.Build.0 = Debug|Any CPU
		{2104DE19-50AE-42C6-B145-DFAE482DC16B}.Release|Any CPU.ActiveCfg = Release|Any CPU
		{2104DE19-50AE-42C6-B145-DFAE482DC16B}.Release|Any CPU.Build.0 = Release|Any CPU
		{DF2C05B5-8226-4B86-A039-E2578DE6D9E7}.Debug|Any CPU.ActiveCfg = Debug|Any CPU
		{DF2C05B5-8226-4B86-A039-E2578DE6D9E7}.Debug|Any CPU.Build.0 = Debug|Any CPU
		{DF2C05B5-8226-4B86-A039-E2578DE6D9E7}.Release|Any CPU.ActiveCfg = Release|Any CPU
		{DF2C05B5-8226-4B86-A039-E2578DE6D9E7}.Release|Any CPU.Build.0 = Release|Any CPU
		{089239B0-4945-46B5-8B87-3B4810F53E5F}.Debug|Any CPU.ActiveCfg = Debug|Any CPU
		{089239B0-4945-46B5-8B87-3B4810F53E5F}.Debug|Any CPU.Build.0 = Debug|Any CPU
		{089239B0-4945-46B5-8B87-3B4810F53E5F}.Release|Any CPU.ActiveCfg = Release|Any CPU
		{089239B0-4945-46B5-8B87-3B4810F53E5F}.Release|Any CPU.Build.0 = Release|Any CPU
		{1A28AD2C-5A0D-4EA3-8C99-F4BE888AFF62}.Debug|Any CPU.ActiveCfg = Debug|Any CPU
		{1A28AD2C-5A0D-4EA3-8C99-F4BE888AFF62}.Debug|Any CPU.Build.0 = Debug|Any CPU
		{1A28AD2C-5A0D-4EA3-8C99-F4BE888AFF62}.Release|Any CPU.ActiveCfg = Release|Any CPU
		{1A28AD2C-5A0D-4EA3-8C99-F4BE888AFF62}.Release|Any CPU.Build.0 = Release|Any CPU
		{D0EED554-AA47-4F17-A683-21FF264111A1}.Debug|Any CPU.ActiveCfg = Debug|Any CPU
		{D0EED554-AA47-4F17-A683-21FF264111A1}.Debug|Any CPU.Build.0 = Debug|Any CPU
		{D0EED554-AA47-4F17-A683-21FF264111A1}.Release|Any CPU.ActiveCfg = Release|Any CPU
		{D0EED554-AA47-4F17-A683-21FF264111A1}.Release|Any CPU.Build.0 = Release|Any CPU
		{88B9A3A0-2F2E-4A77-9D6B-F1EA22E57A3A}.Debug|Any CPU.ActiveCfg = Debug|Any CPU
		{88B9A3A0-2F2E-4A77-9D6B-F1EA22E57A3A}.Debug|Any CPU.Build.0 = Debug|Any CPU
		{88B9A3A0-2F2E-4A77-9D6B-F1EA22E57A3A}.Release|Any CPU.ActiveCfg = Release|Any CPU
		{88B9A3A0-2F2E-4A77-9D6B-F1EA22E57A3A}.Release|Any CPU.Build.0 = Release|Any CPU
		{E7A67322-8030-42FE-AFAD-129EFAB48798}.Debug|Any CPU.ActiveCfg = Debug|Any CPU
		{E7A67322-8030-42FE-AFAD-129EFAB48798}.Debug|Any CPU.Build.0 = Debug|Any CPU
		{E7A67322-8030-42FE-AFAD-129EFAB48798}.Release|Any CPU.ActiveCfg = Release|Any CPU
		{E7A67322-8030-42FE-AFAD-129EFAB48798}.Release|Any CPU.Build.0 = Release|Any CPU
		{74AE410A-A179-4E07-B382-FE2DB75A5EC7}.Debug|Any CPU.ActiveCfg = Debug|Any CPU
		{74AE410A-A179-4E07-B382-FE2DB75A5EC7}.Debug|Any CPU.Build.0 = Debug|Any CPU
		{74AE410A-A179-4E07-B382-FE2DB75A5EC7}.Release|Any CPU.ActiveCfg = Release|Any CPU
		{74AE410A-A179-4E07-B382-FE2DB75A5EC7}.Release|Any CPU.Build.0 = Release|Any CPU
		{94D35562-4832-49B3-A7B5-A4CE66BA2A28}.Debug|Any CPU.ActiveCfg = Debug|Any CPU
		{94D35562-4832-49B3-A7B5-A4CE66BA2A28}.Debug|Any CPU.Build.0 = Debug|Any CPU
		{94D35562-4832-49B3-A7B5-A4CE66BA2A28}.Release|Any CPU.ActiveCfg = Release|Any CPU
		{94D35562-4832-49B3-A7B5-A4CE66BA2A28}.Release|Any CPU.Build.0 = Release|Any CPU
		{FB792204-2A02-44FC-82E8-D29E32B65B28}.Debug|Any CPU.ActiveCfg = Debug|Any CPU
		{FB792204-2A02-44FC-82E8-D29E32B65B28}.Debug|Any CPU.Build.0 = Debug|Any CPU
		{FB792204-2A02-44FC-82E8-D29E32B65B28}.Release|Any CPU.ActiveCfg = Release|Any CPU
		{FB792204-2A02-44FC-82E8-D29E32B65B28}.Release|Any CPU.Build.0 = Release|Any CPU
		{DDF9E975-D0D8-4A08-A90C-29109BB78BFC}.Debug|Any CPU.ActiveCfg = Debug|Any CPU
		{DDF9E975-D0D8-4A08-A90C-29109BB78BFC}.Debug|Any CPU.Build.0 = Debug|Any CPU
		{DDF9E975-D0D8-4A08-A90C-29109BB78BFC}.Release|Any CPU.ActiveCfg = Release|Any CPU
		{DDF9E975-D0D8-4A08-A90C-29109BB78BFC}.Release|Any CPU.Build.0 = Release|Any CPU
		{5119E9E3-ABDA-4D38-97B9-DCDD202CD3D9}.Debug|Any CPU.ActiveCfg = Debug|Any CPU
		{5119E9E3-ABDA-4D38-97B9-DCDD202CD3D9}.Debug|Any CPU.Build.0 = Debug|Any CPU
		{5119E9E3-ABDA-4D38-97B9-DCDD202CD3D9}.Release|Any CPU.ActiveCfg = Release|Any CPU
		{5119E9E3-ABDA-4D38-97B9-DCDD202CD3D9}.Release|Any CPU.Build.0 = Release|Any CPU
		{BB167F95-F9D7-48C7-9574-F54073177D1F}.Debug|Any CPU.ActiveCfg = Debug|Any CPU
		{BB167F95-F9D7-48C7-9574-F54073177D1F}.Debug|Any CPU.Build.0 = Debug|Any CPU
		{BB167F95-F9D7-48C7-9574-F54073177D1F}.Release|Any CPU.ActiveCfg = Release|Any CPU
		{BB167F95-F9D7-48C7-9574-F54073177D1F}.Release|Any CPU.Build.0 = Release|Any CPU
		{5E3E1543-1E72-4DE4-BD0B-C30201538712}.Debug|Any CPU.ActiveCfg = Debug|Any CPU
		{5E3E1543-1E72-4DE4-BD0B-C30201538712}.Debug|Any CPU.Build.0 = Debug|Any CPU
		{5E3E1543-1E72-4DE4-BD0B-C30201538712}.Release|Any CPU.ActiveCfg = Release|Any CPU
		{5E3E1543-1E72-4DE4-BD0B-C30201538712}.Release|Any CPU.Build.0 = Release|Any CPU
		{9D5698B6-EB59-44E4-A638-DAD9BC7487B8}.Debug|Any CPU.ActiveCfg = Debug|Any CPU
		{9D5698B6-EB59-44E4-A638-DAD9BC7487B8}.Debug|Any CPU.Build.0 = Debug|Any CPU
		{9D5698B6-EB59-44E4-A638-DAD9BC7487B8}.Release|Any CPU.ActiveCfg = Release|Any CPU
		{9D5698B6-EB59-44E4-A638-DAD9BC7487B8}.Release|Any CPU.Build.0 = Release|Any CPU
		{8105F905-A498-40EB-9346-C53C024D3802}.Debug|Any CPU.ActiveCfg = Debug|Any CPU
		{8105F905-A498-40EB-9346-C53C024D3802}.Debug|Any CPU.Build.0 = Debug|Any CPU
		{8105F905-A498-40EB-9346-C53C024D3802}.Release|Any CPU.ActiveCfg = Release|Any CPU
		{8105F905-A498-40EB-9346-C53C024D3802}.Release|Any CPU.Build.0 = Release|Any CPU
		{C3A3E3BE-F0E9-4816-91BF-C46578BC67EA}.Debug|Any CPU.ActiveCfg = Debug|Any CPU
		{C3A3E3BE-F0E9-4816-91BF-C46578BC67EA}.Debug|Any CPU.Build.0 = Debug|Any CPU
		{C3A3E3BE-F0E9-4816-91BF-C46578BC67EA}.Release|Any CPU.ActiveCfg = Release|Any CPU
		{C3A3E3BE-F0E9-4816-91BF-C46578BC67EA}.Release|Any CPU.Build.0 = Release|Any CPU
		{616268C7-CB73-430F-88A3-7DD9F7288CE7}.Debug|Any CPU.ActiveCfg = Debug|Any CPU
		{616268C7-CB73-430F-88A3-7DD9F7288CE7}.Debug|Any CPU.Build.0 = Debug|Any CPU
		{616268C7-CB73-430F-88A3-7DD9F7288CE7}.Release|Any CPU.ActiveCfg = Release|Any CPU
		{616268C7-CB73-430F-88A3-7DD9F7288CE7}.Release|Any CPU.Build.0 = Release|Any CPU
		{94B347BF-35A5-4AAE-83FE-DB67C471336E}.Debug|Any CPU.ActiveCfg = Debug|Any CPU
		{94B347BF-35A5-4AAE-83FE-DB67C471336E}.Debug|Any CPU.Build.0 = Debug|Any CPU
		{94B347BF-35A5-4AAE-83FE-DB67C471336E}.Release|Any CPU.ActiveCfg = Release|Any CPU
		{94B347BF-35A5-4AAE-83FE-DB67C471336E}.Release|Any CPU.Build.0 = Release|Any CPU
		{B05DD6E8-1229-4D25-AADE-0CB573F89193}.Debug|Any CPU.ActiveCfg = Debug|Any CPU
		{B05DD6E8-1229-4D25-AADE-0CB573F89193}.Debug|Any CPU.Build.0 = Debug|Any CPU
		{B05DD6E8-1229-4D25-AADE-0CB573F89193}.Release|Any CPU.ActiveCfg = Release|Any CPU
		{B05DD6E8-1229-4D25-AADE-0CB573F89193}.Release|Any CPU.Build.0 = Release|Any CPU
		{3E7B1F3C-53DC-4CB2-85E3-D50A0FE66C3F}.Debug|Any CPU.ActiveCfg = Debug|Any CPU
		{3E7B1F3C-53DC-4CB2-85E3-D50A0FE66C3F}.Debug|Any CPU.Build.0 = Debug|Any CPU
		{3E7B1F3C-53DC-4CB2-85E3-D50A0FE66C3F}.Release|Any CPU.ActiveCfg = Release|Any CPU
		{3E7B1F3C-53DC-4CB2-85E3-D50A0FE66C3F}.Release|Any CPU.Build.0 = Release|Any CPU
		{AC19DF77-D076-424A-8FD5-7FA159C7B5F8}.Debug|Any CPU.ActiveCfg = Debug|Any CPU
		{AC19DF77-D076-424A-8FD5-7FA159C7B5F8}.Debug|Any CPU.Build.0 = Debug|Any CPU
		{AC19DF77-D076-424A-8FD5-7FA159C7B5F8}.Release|Any CPU.ActiveCfg = Release|Any CPU
		{AC19DF77-D076-424A-8FD5-7FA159C7B5F8}.Release|Any CPU.Build.0 = Release|Any CPU
		{89DDCFC3-D927-421D-AC1D-F424972AE802}.Debug|Any CPU.ActiveCfg = Debug|Any CPU
		{89DDCFC3-D927-421D-AC1D-F424972AE802}.Debug|Any CPU.Build.0 = Debug|Any CPU
		{89DDCFC3-D927-421D-AC1D-F424972AE802}.Release|Any CPU.ActiveCfg = Release|Any CPU
		{89DDCFC3-D927-421D-AC1D-F424972AE802}.Release|Any CPU.Build.0 = Release|Any CPU
		{18EAB0D4-33C3-40AA-95EA-55306C69D23F}.Debug|Any CPU.ActiveCfg = Debug|Any CPU
		{18EAB0D4-33C3-40AA-95EA-55306C69D23F}.Debug|Any CPU.Build.0 = Debug|Any CPU
		{18EAB0D4-33C3-40AA-95EA-55306C69D23F}.Release|Any CPU.ActiveCfg = Release|Any CPU
		{18EAB0D4-33C3-40AA-95EA-55306C69D23F}.Release|Any CPU.Build.0 = Release|Any CPU
		{CF1921A7-46B2-4C2C-935C-9796C8EC1EAA}.Debug|Any CPU.ActiveCfg = Debug|Any CPU
		{CF1921A7-46B2-4C2C-935C-9796C8EC1EAA}.Debug|Any CPU.Build.0 = Debug|Any CPU
		{CF1921A7-46B2-4C2C-935C-9796C8EC1EAA}.Release|Any CPU.ActiveCfg = Release|Any CPU
		{CF1921A7-46B2-4C2C-935C-9796C8EC1EAA}.Release|Any CPU.Build.0 = Release|Any CPU
		{0CA56D04-D6C8-4191-8020-B21607DF2B20}.Debug|Any CPU.ActiveCfg = Debug|Any CPU
		{0CA56D04-D6C8-4191-8020-B21607DF2B20}.Debug|Any CPU.Build.0 = Debug|Any CPU
		{0CA56D04-D6C8-4191-8020-B21607DF2B20}.Release|Any CPU.ActiveCfg = Release|Any CPU
		{0CA56D04-D6C8-4191-8020-B21607DF2B20}.Release|Any CPU.Build.0 = Release|Any CPU
		{3BAAAE70-27EF-4300-8D8F-000FB7CF39EA}.Debug|Any CPU.ActiveCfg = Debug|Any CPU
		{3BAAAE70-27EF-4300-8D8F-000FB7CF39EA}.Debug|Any CPU.Build.0 = Debug|Any CPU
		{3BAAAE70-27EF-4300-8D8F-000FB7CF39EA}.Release|Any CPU.ActiveCfg = Release|Any CPU
		{3BAAAE70-27EF-4300-8D8F-000FB7CF39EA}.Release|Any CPU.Build.0 = Release|Any CPU
		{1D59CC5D-E22B-4582-9B17-BEBDA924649B}.Debug|Any CPU.ActiveCfg = Debug|Any CPU
		{1D59CC5D-E22B-4582-9B17-BEBDA924649B}.Debug|Any CPU.Build.0 = Debug|Any CPU
		{1D59CC5D-E22B-4582-9B17-BEBDA924649B}.Release|Any CPU.ActiveCfg = Release|Any CPU
		{1D59CC5D-E22B-4582-9B17-BEBDA924649B}.Release|Any CPU.Build.0 = Release|Any CPU
		{F20CD6F9-21C9-43B4-8EFB-034FE2C72073}.Debug|Any CPU.ActiveCfg = Debug|Any CPU
		{F20CD6F9-21C9-43B4-8EFB-034FE2C72073}.Debug|Any CPU.Build.0 = Debug|Any CPU
		{F20CD6F9-21C9-43B4-8EFB-034FE2C72073}.Release|Any CPU.ActiveCfg = Release|Any CPU
		{F20CD6F9-21C9-43B4-8EFB-034FE2C72073}.Release|Any CPU.Build.0 = Release|Any CPU
		{90DD3B01-B934-45A8-90A5-3C2603E9CE0B}.Debug|Any CPU.ActiveCfg = Debug|Any CPU
		{90DD3B01-B934-45A8-90A5-3C2603E9CE0B}.Debug|Any CPU.Build.0 = Debug|Any CPU
		{90DD3B01-B934-45A8-90A5-3C2603E9CE0B}.Release|Any CPU.ActiveCfg = Release|Any CPU
		{90DD3B01-B934-45A8-90A5-3C2603E9CE0B}.Release|Any CPU.Build.0 = Release|Any CPU
		{0407EA8F-E600-49DB-9A82-5C0FDAF1707E}.Debug|Any CPU.ActiveCfg = Debug|Any CPU
		{0407EA8F-E600-49DB-9A82-5C0FDAF1707E}.Debug|Any CPU.Build.0 = Debug|Any CPU
		{0407EA8F-E600-49DB-9A82-5C0FDAF1707E}.Release|Any CPU.ActiveCfg = Release|Any CPU
		{0407EA8F-E600-49DB-9A82-5C0FDAF1707E}.Release|Any CPU.Build.0 = Release|Any CPU
		{B9351F45-E642-4CD3-A03C-EAD5EB97605C}.Debug|Any CPU.ActiveCfg = Debug|Any CPU
		{B9351F45-E642-4CD3-A03C-EAD5EB97605C}.Debug|Any CPU.Build.0 = Debug|Any CPU
		{B9351F45-E642-4CD3-A03C-EAD5EB97605C}.Release|Any CPU.ActiveCfg = Release|Any CPU
		{B9351F45-E642-4CD3-A03C-EAD5EB97605C}.Release|Any CPU.Build.0 = Release|Any CPU
		{0CB9175D-BFFB-42BC-A409-EFB94E195C46}.Debug|Any CPU.ActiveCfg = Debug|Any CPU
		{0CB9175D-BFFB-42BC-A409-EFB94E195C46}.Debug|Any CPU.Build.0 = Debug|Any CPU
		{0CB9175D-BFFB-42BC-A409-EFB94E195C46}.Release|Any CPU.ActiveCfg = Release|Any CPU
		{0CB9175D-BFFB-42BC-A409-EFB94E195C46}.Release|Any CPU.Build.0 = Release|Any CPU
		{4FD0CD76-091E-4D7B-88E3-E7B64165F2D8}.Debug|Any CPU.ActiveCfg = Debug|Any CPU
		{4FD0CD76-091E-4D7B-88E3-E7B64165F2D8}.Debug|Any CPU.Build.0 = Debug|Any CPU
		{4FD0CD76-091E-4D7B-88E3-E7B64165F2D8}.Release|Any CPU.ActiveCfg = Release|Any CPU
		{4FD0CD76-091E-4D7B-88E3-E7B64165F2D8}.Release|Any CPU.Build.0 = Release|Any CPU
		{A4A3617C-312D-40D7-95CA-D249E51DE9C5}.Debug|Any CPU.ActiveCfg = Debug|Any CPU
		{A4A3617C-312D-40D7-95CA-D249E51DE9C5}.Debug|Any CPU.Build.0 = Debug|Any CPU
		{A4A3617C-312D-40D7-95CA-D249E51DE9C5}.Release|Any CPU.ActiveCfg = Release|Any CPU
		{A4A3617C-312D-40D7-95CA-D249E51DE9C5}.Release|Any CPU.Build.0 = Release|Any CPU
		{B567F1D6-373C-4E98-8096-8596AB0DEE10}.Debug|Any CPU.ActiveCfg = Debug|Any CPU
		{B567F1D6-373C-4E98-8096-8596AB0DEE10}.Debug|Any CPU.Build.0 = Debug|Any CPU
		{B567F1D6-373C-4E98-8096-8596AB0DEE10}.Release|Any CPU.ActiveCfg = Release|Any CPU
		{B567F1D6-373C-4E98-8096-8596AB0DEE10}.Release|Any CPU.Build.0 = Release|Any CPU
		{12AE737B-F3C2-4596-A17F-C6F35C905C2A}.Debug|Any CPU.ActiveCfg = Debug|Any CPU
		{12AE737B-F3C2-4596-A17F-C6F35C905C2A}.Debug|Any CPU.Build.0 = Debug|Any CPU
		{12AE737B-F3C2-4596-A17F-C6F35C905C2A}.Release|Any CPU.ActiveCfg = Release|Any CPU
		{12AE737B-F3C2-4596-A17F-C6F35C905C2A}.Release|Any CPU.Build.0 = Release|Any CPU
		{FECFE1C2-5264-42CD-923F-49DD71704EF1}.Debug|Any CPU.ActiveCfg = Debug|Any CPU
		{FECFE1C2-5264-42CD-923F-49DD71704EF1}.Debug|Any CPU.Build.0 = Debug|Any CPU
		{FECFE1C2-5264-42CD-923F-49DD71704EF1}.Release|Any CPU.ActiveCfg = Release|Any CPU
		{FECFE1C2-5264-42CD-923F-49DD71704EF1}.Release|Any CPU.Build.0 = Release|Any CPU
		{F6E00E6B-8B48-4BF5-A708-8D890997BE6F}.Debug|Any CPU.ActiveCfg = Debug|Any CPU
		{F6E00E6B-8B48-4BF5-A708-8D890997BE6F}.Debug|Any CPU.Build.0 = Debug|Any CPU
		{F6E00E6B-8B48-4BF5-A708-8D890997BE6F}.Release|Any CPU.ActiveCfg = Release|Any CPU
		{F6E00E6B-8B48-4BF5-A708-8D890997BE6F}.Release|Any CPU.Build.0 = Release|Any CPU
		{DFD3A898-FDF1-4B08-A5C7-98FF2CE5D06A}.Debug|Any CPU.ActiveCfg = Debug|Any CPU
		{DFD3A898-FDF1-4B08-A5C7-98FF2CE5D06A}.Debug|Any CPU.Build.0 = Debug|Any CPU
		{DFD3A898-FDF1-4B08-A5C7-98FF2CE5D06A}.Release|Any CPU.ActiveCfg = Release|Any CPU
		{DFD3A898-FDF1-4B08-A5C7-98FF2CE5D06A}.Release|Any CPU.Build.0 = Release|Any CPU
	EndGlobalSection
	GlobalSection(SolutionProperties) = preSolution
		HideSolutionNode = FALSE
	EndGlobalSection
	GlobalSection(NestedProjects) = preSolution
		{C460B82D-A95B-49C3-9979-53279D5E4BFC} = {36D591C7-65C7-A0D1-1CBC-10CDE441BDC8}
		{A0AE53BD-FE4F-44D9-A019-1B1493CC7764} = {36D591C7-65C7-A0D1-1CBC-10CDE441BDC8}
		{D913B333-5CEA-4FFC-9F4A-CAAFF1529C8C} = {36D591C7-65C7-A0D1-1CBC-10CDE441BDC8}
		{5BFEB3B6-5B1B-4BB0-85C8-771490A1BBCC} = {36D591C7-65C7-A0D1-1CBC-10CDE441BDC8}
		{89A1C71A-D58A-4D16-9D0D-5F892AD1378E} = {36D591C7-65C7-A0D1-1CBC-10CDE441BDC8}
		{08114492-21D9-4D32-98DA-5BB89CA3DE41} = {36D591C7-65C7-A0D1-1CBC-10CDE441BDC8}
		{B7701D31-2119-4CF0-B5B6-8724808ABF6D} = {FA4891FF-2CB7-4FCC-9346-7FA57C172232}
		{F125CDB8-79D3-4725-8D39-3FAC30EF6AB0} = {FA4891FF-2CB7-4FCC-9346-7FA57C172232}
		{E92F5541-D72E-4644-9147-81A5EE0EB27A} = {FA4891FF-2CB7-4FCC-9346-7FA57C172232}
		{7C475903-DCE1-4BEE-A813-CD61CFC74AD5} = {FA4891FF-2CB7-4FCC-9346-7FA57C172232}
		{3B555DA7-89AC-4847-BF9D-005F492931B2} = {FA4891FF-2CB7-4FCC-9346-7FA57C172232}
		{28A5CAAB-32D0-4627-8330-7583B40D5E7A} = {FA4891FF-2CB7-4FCC-9346-7FA57C172232}
		{2BA69D63-5CB1-405B-B891-3D8FD6673EE3} = {FA4891FF-2CB7-4FCC-9346-7FA57C172232}
		{945CA3D8-19AC-4C89-9486-31FFE362BB6F} = {FA4891FF-2CB7-4FCC-9346-7FA57C172232}
		{FFDF5DAC-17A5-4827-AA3B-D16FCB695A31} = {FA4891FF-2CB7-4FCC-9346-7FA57C172232}
		{3EF16808-5124-4DA7-9DC8-10E9094CE629} = {FA4891FF-2CB7-4FCC-9346-7FA57C172232}
		{52AF6FD6-A6EE-4951-ACC9-009D034475C8} = {FA4891FF-2CB7-4FCC-9346-7FA57C172232}
		{031D717A-817B-47CB-A41C-4E639FD72177} = {FA4891FF-2CB7-4FCC-9346-7FA57C172232}
		{2FD70378-D834-4C86-9C27-4E94F8C1F984} = {FA4891FF-2CB7-4FCC-9346-7FA57C172232}
		{E1C577B9-1D81-4867-805A-FC0CFD48F3F1} = {FA4891FF-2CB7-4FCC-9346-7FA57C172232}
		{4983B83F-96BD-4C86-B737-1F191C149C57} = {FA4891FF-2CB7-4FCC-9346-7FA57C172232}
		{0679EBC1-B399-4541-A8B1-72A10608B665} = {FA4891FF-2CB7-4FCC-9346-7FA57C172232}
		{AE476260-DA26-43B8-9C67-70D18A1853FF} = {FA4891FF-2CB7-4FCC-9346-7FA57C172232}
		{BBC01950-8C88-46A7-B4A6-EE4D358BADB7} = {FA4891FF-2CB7-4FCC-9346-7FA57C172232}
		{5CE4DB82-E940-410C-AE83-B432710DAFA1} = {FA4891FF-2CB7-4FCC-9346-7FA57C172232}
		{5012C991-3EBB-429D-8A1C-783B529F53CF} = {FA4891FF-2CB7-4FCC-9346-7FA57C172232}
		{6D9BF88F-F846-4B7B-B5AE-A06FC6C59CC4} = {FA4891FF-2CB7-4FCC-9346-7FA57C172232}
		{C95412D1-0265-40BA-ADB3-F9CF49B06CB8} = {FA4891FF-2CB7-4FCC-9346-7FA57C172232}
		{2104DE19-50AE-42C6-B145-DFAE482DC16B} = {FA4891FF-2CB7-4FCC-9346-7FA57C172232}
		{DF2C05B5-8226-4B86-A039-E2578DE6D9E7} = {FA4891FF-2CB7-4FCC-9346-7FA57C172232}
		{089239B0-4945-46B5-8B87-3B4810F53E5F} = {FA4891FF-2CB7-4FCC-9346-7FA57C172232}
		{1A28AD2C-5A0D-4EA3-8C99-F4BE888AFF62} = {FA4891FF-2CB7-4FCC-9346-7FA57C172232}
		{D0EED554-AA47-4F17-A683-21FF264111A1} = {FA4891FF-2CB7-4FCC-9346-7FA57C172232}
		{88B9A3A0-2F2E-4A77-9D6B-F1EA22E57A3A} = {DAC47A37-2642-4D00-9351-A39EA512B242}
		{E7A67322-8030-42FE-AFAD-129EFAB48798} = {DAC47A37-2642-4D00-9351-A39EA512B242}
		{74AE410A-A179-4E07-B382-FE2DB75A5EC7} = {DAC47A37-2642-4D00-9351-A39EA512B242}
		{94D35562-4832-49B3-A7B5-A4CE66BA2A28} = {DAC47A37-2642-4D00-9351-A39EA512B242}
		{FB792204-2A02-44FC-82E8-D29E32B65B28} = {DAC47A37-2642-4D00-9351-A39EA512B242}
		{DDF9E975-D0D8-4A08-A90C-29109BB78BFC} = {DAC47A37-2642-4D00-9351-A39EA512B242}
		{5119E9E3-ABDA-4D38-97B9-DCDD202CD3D9} = {DAC47A37-2642-4D00-9351-A39EA512B242}
		{BB167F95-F9D7-48C7-9574-F54073177D1F} = {DAC47A37-2642-4D00-9351-A39EA512B242}
		{5E3E1543-1E72-4DE4-BD0B-C30201538712} = {DAC47A37-2642-4D00-9351-A39EA512B242}
		{9D5698B6-EB59-44E4-A638-DAD9BC7487B8} = {DAC47A37-2642-4D00-9351-A39EA512B242}
		{8105F905-A498-40EB-9346-C53C024D3802} = {DAC47A37-2642-4D00-9351-A39EA512B242}
		{C3A3E3BE-F0E9-4816-91BF-C46578BC67EA} = {A69AF162-4C4E-4E0F-A209-9198CE432AD1}
		{616268C7-CB73-430F-88A3-7DD9F7288CE7} = {A69AF162-4C4E-4E0F-A209-9198CE432AD1}
		{94B347BF-35A5-4AAE-83FE-DB67C471336E} = {A69AF162-4C4E-4E0F-A209-9198CE432AD1}
		{B05DD6E8-1229-4D25-AADE-0CB573F89193} = {A69AF162-4C4E-4E0F-A209-9198CE432AD1}
		{3E7B1F3C-53DC-4CB2-85E3-D50A0FE66C3F} = {B9669BFE-3329-438F-B5C0-F34FD1300231}
		{AC19DF77-D076-424A-8FD5-7FA159C7B5F8} = {B9669BFE-3329-438F-B5C0-F34FD1300231}
		{89DDCFC3-D927-421D-AC1D-F424972AE802} = {B9669BFE-3329-438F-B5C0-F34FD1300231}
		{18EAB0D4-33C3-40AA-95EA-55306C69D23F} = {B9669BFE-3329-438F-B5C0-F34FD1300231}
		{CF1921A7-46B2-4C2C-935C-9796C8EC1EAA} = {B9669BFE-3329-438F-B5C0-F34FD1300231}
		{0CA56D04-D6C8-4191-8020-B21607DF2B20} = {B9669BFE-3329-438F-B5C0-F34FD1300231}
		{3BAAAE70-27EF-4300-8D8F-000FB7CF39EA} = {B9669BFE-3329-438F-B5C0-F34FD1300231}
		{1D59CC5D-E22B-4582-9B17-BEBDA924649B} = {B9669BFE-3329-438F-B5C0-F34FD1300231}
		{F20CD6F9-21C9-43B4-8EFB-034FE2C72073} = {B9669BFE-3329-438F-B5C0-F34FD1300231}
		{90DD3B01-B934-45A8-90A5-3C2603E9CE0B} = {54424CF8-D546-49DD-9AC2-B22D592FEE4B}
		{0407EA8F-E600-49DB-9A82-5C0FDAF1707E} = {54424CF8-D546-49DD-9AC2-B22D592FEE4B}
		{B9351F45-E642-4CD3-A03C-EAD5EB97605C} = {54424CF8-D546-49DD-9AC2-B22D592FEE4B}
		{0CB9175D-BFFB-42BC-A409-EFB94E195C46} = {54424CF8-D546-49DD-9AC2-B22D592FEE4B}
		{4FD0CD76-091E-4D7B-88E3-E7B64165F2D8} = {54424CF8-D546-49DD-9AC2-B22D592FEE4B}
		{A4A3617C-312D-40D7-95CA-D249E51DE9C5} = {54424CF8-D546-49DD-9AC2-B22D592FEE4B}
		{B567F1D6-373C-4E98-8096-8596AB0DEE10} = {54424CF8-D546-49DD-9AC2-B22D592FEE4B}
		{12AE737B-F3C2-4596-A17F-C6F35C905C2A} = {20C0112E-E097-4986-9772-002578FF9A22}
		{FECFE1C2-5264-42CD-923F-49DD71704EF1} = {20C0112E-E097-4986-9772-002578FF9A22}
		{F6E00E6B-8B48-4BF5-A708-8D890997BE6F} = {20C0112E-E097-4986-9772-002578FF9A22}
		{DFD3A898-FDF1-4B08-A5C7-98FF2CE5D06A} = {20C0112E-E097-4986-9772-002578FF9A22}
	EndGlobalSection
	GlobalSection(ExtensibilityGlobals) = postSolution
		SolutionGuid = {C4B0EC8A-5C12-462E-84AF-9019663040A0}
	EndGlobalSection
EndGlobal
